
Microsoft Visual Studio Solution File, Format Version 12.00
# Visual Studio 2012
Project("{FAE04EC0-301F-11D3-BF4B-00C04F79EFBC}") = "Simple-Power-Plus", "Application\Simple-Power-Plus.csproj", "{43D224A0-3681-4B4F-9045-B2F04199838A}"
EndProject
Project("{FAE04EC0-301F-11D3-BF4B-00C04F79EFBC}") = "Windows API", "External\Shellscape.Common\Microsoft\Windows API\Windows API.csproj", "{B20A1853-BDC5-47D5-9369-3999BBD7F516}"
EndProject
Global
	GlobalSection(SolutionConfigurationPlatforms) = preSolution
		Debug|Any CPU = Debug|Any CPU
		Release|Any CPU = Release|Any CPU
	EndGlobalSection
	GlobalSection(ProjectConfigurationPlatforms) = postSolution
		{43D224A0-3681-4B4F-9045-B2F04199838A}.Debug|Any CPU.ActiveCfg = Debug|Any CPU
		{43D224A0-3681-4B4F-9045-B2F04199838A}.Debug|Any CPU.Build.0 = Debug|Any CPU
		{43D224A0-3681-4B4F-9045-B2F04199838A}.Release|Any CPU.ActiveCfg = Release|Any CPU
		{43D224A0-3681-4B4F-9045-B2F04199838A}.Release|Any CPU.Build.0 = Release|Any CPU
		{B20A1853-BDC5-47D5-9369-3999BBD7F516}.Debug|Any CPU.ActiveCfg = Debug|Any CPU
		{B20A1853-BDC5-47D5-9369-3999BBD7F516}.Debug|Any CPU.Build.0 = Debug|Any CPU
		{B20A1853-BDC5-47D5-9369-3999BBD7F516}.Release|Any CPU.ActiveCfg = Release|Any CPU
		{B20A1853-BDC5-47D5-9369-3999BBD7F516}.Release|Any CPU.Build.0 = Release|Any CPU
	EndGlobalSection
	GlobalSection(SolutionProperties) = preSolution
		HideSolutionNode = FALSE
	EndGlobalSection
EndGlobal
